{
  "name": "@polymer/hn-polymer-2",
  "requires": true,
  "lockfileVersion": 1,
  "dependencies": {
    "@polymer/polymer": {
      "version": "2.6.0",
      "resolved": "https://registry.npmjs.org/@polymer/polymer/-/polymer-2.6.0.tgz",
      "integrity": "sha512-aG5sCjPgJJ5yZue9DvTtLqQwQL6SjtfareQhnmWBsI+PhS3LgiVB+Z1Q0OzeSNGsIgPBGoLwAB+zclqyBhIyMg=="
    },
    "@webcomponents/webcomponentsjs": {
      "version": "1.2.0",
      "resolved": "https://registry.npmjs.org/@webcomponents/webcomponentsjs/-/webcomponentsjs-1.2.0.tgz",
      "integrity": "sha512-P9JWydfpBR+CK12UwtBaoD/lYF3PR9XBArAWk5J9nfPaJwA3OUox4StZmyFSVDLsvpFq5HsEtxU/OdHAlAWPnw=="
    }
  }
}
